// !$*UTF8*$!
{
	archiveVersion = 1;
	classes = {
	};
	objectVersion = 50;
	objects = {

/* Begin PBXBuildFile section */
		AF4A85692373B4FC00AB0497 /* SongTableViewController.swift in Sources */ = {isa = PBXBuildFile; fileRef = AF4A85682373B4FC00AB0497 /* SongTableViewController.swift */; };
		AFB35F99236F9245007B7844 /* AppDelegate.swift in Sources */ = {isa = PBXBuildFile; fileRef = AFB35F98236F9245007B7844 /* AppDelegate.swift */; };
		AFB35F9B236F9245007B7844 /* SceneDelegate.swift in Sources */ = {isa = PBXBuildFile; fileRef = AFB35F9A236F9245007B7844 /* SceneDelegate.swift */; };
		AFB35F9D236F9245007B7844 /* GamePlayViewController.swift in Sources */ = {isa = PBXBuildFile; fileRef = AFB35F9C236F9245007B7844 /* GamePlayViewController.swift */; };
		AFB35FA0236F9245007B7844 /* Main.storyboard in Resources */ = {isa = PBXBuildFile; fileRef = AFB35F9E236F9245007B7844 /* Main.storyboard */; };
		AFB35FA2236F924B007B7844 /* Assets.xcassets in Resources */ = {isa = PBXBuildFile; fileRef = AFB35FA1236F924B007B7844 /* Assets.xcassets */; };
		AFB35FA5236F924B007B7844 /* LaunchScreen.storyboard in Resources */ = {isa = PBXBuildFile; fileRef = AFB35FA3236F924B007B7844 /* LaunchScreen.storyboard */; };
/* End PBXBuildFile section */

/* Begin PBXFileReference section */
		AF4A85682373B4FC00AB0497 /* SongTableViewController.swift */ = {isa = PBXFileReference; lastKnownFileType = sourcecode.swift; path = SongTableViewController.swift; sourceTree = "<group>"; };
		AFB35F95236F9245007B7844 /* MusicWiz.app */ = {isa = PBXFileReference; explicitFileType = wrapper.application; includeInIndex = 0; path = MusicWiz.app; sourceTree = BUILT_PRODUCTS_DIR; };
		AFB35F98236F9245007B7844 /* AppDelegate.swift */ = {isa = PBXFileReference; lastKnownFileType = sourcecode.swift; path = AppDelegate.swift; sourceTree = "<group>"; };
		AFB35F9A236F9245007B7844 /* SceneDelegate.swift */ = {isa = PBXFileReference; lastKnownFileType = sourcecode.swift; path = SceneDelegate.swift; sourceTree = "<group>"; };
		AFB35F9C236F9245007B7844 /* GamePlayViewController.swift */ = {isa = PBXFileReference; lastKnownFileType = sourcecode.swift; path = GamePlayViewController.swift; sourceTree = "<group>"; };
		AFB35F9F236F9245007B7844 /* Base */ = {isa = PBXFileReference; lastKnownFileType = file.storyboard; name = Base; path = Base.lproj/Main.storyboard; sourceTree = "<group>"; };
		AFB35FA1236F924B007B7844 /* Assets.xcassets */ = {isa = PBXFileReference; lastKnownFileType = folder.assetcatalog; path = Assets.xcassets; sourceTree = "<group>"; };
		AFB35FA4236F924B007B7844 /* Base */ = {isa = PBXFileReference; lastKnownFileType = file.storyboard; name = Base; path = Base.lproj/LaunchScreen.storyboard; sourceTree = "<group>"; };
		AFB35FA6236F924B007B7844 /* Info.plist */ = {isa = PBXFileReference; lastKnownFileType = text.plist.xml; path = Info.plist; sourceTree = "<group>"; };
/* End PBXFileReference section */

/* Begin PBXFrameworksBuildPhase section */
		AFB35F92236F9245007B7844 /* Frameworks */ = {
			isa = PBXFrameworksBuildPhase;
			buildActionMask = 2147483647;
			files = (
			);
			runOnlyForDeploymentPostprocessing = 0;
		};
/* End PBXFrameworksBuildPhase section */

/* Begin PBXGroup section */
		AFB35F8C236F9245007B7844 = {
			isa = PBXGroup;
			children = (
				AFB35F97236F9245007B7844 /* MusicWiz */,
				AFB35F96236F9245007B7844 /* Products */,
			);
			sourceTree = "<group>";
		};
		AFB35F96236F9245007B7844 /* Products */ = {
			isa = PBXGroup;
			children = (
				AFB35F95236F9245007B7844 /* MusicWiz.app */,
			);
			name = Products;
			sourceTree = "<group>";
		};
		AFB35F97236F9245007B7844 /* MusicWiz */ = {
			isa = PBXGroup;
			children = (
				AFB35F98236F9245007B7844 /* AppDelegate.swift */,
				AFB35F9A236F9245007B7844 /* SceneDelegate.swift */,
				AFB35F9C236F9245007B7844 /* GamePlayViewController.swift */,
				AFB35F9E236F9245007B7844 /* Main.storyboard */,
				AFB35FA1236F924B007B7844 /* Assets.xcassets */,
				AFB35FA3236F924B007B7844 /* LaunchScreen.storyboard */,
				AFB35FA6236F924B007B7844 /* Info.plist */,
				AF4A85682373B4FC00AB0497 /* SongTableViewController.swift */,
			);
			path = MusicWiz;
			sourceTree = "<group>";
		};
/* End PBXGroup section */

/* Begin PBXNativeTarget section */
		AFB35F94236F9245007B7844 /* MusicWiz */ = {
			isa = PBXNativeTarget;
			buildConfigurationList = AFB35FA9236F924B007B7844 /* Build configuration list for PBXNativeTarget "MusicWiz" */;
			buildPhases = (
				AFB35F91236F9245007B7844 /* Sources */,
				AFB35F92236F9245007B7844 /* Frameworks */,
				AFB35F93236F9245007B7844 /* Resources */,
			);
			buildRules = (
			);
			dependencies = (
			);
			name = MusicWiz;
			productName = Test;
			productReference = AFB35F95236F9245007B7844 /* MusicWiz.app */;
			productType = "com.apple.product-type.application";
		};
/* End PBXNativeTarget section */

/* Begin PBXProject section */
		AFB35F8D236F9245007B7844 /* Project object */ = {
			isa = PBXProject;
			attributes = {
				LastSwiftUpdateCheck = 1120;
				LastUpgradeCheck = 1120;
				ORGANIZATIONNAME = "Adriana Graybill";
				TargetAttributes = {
					AFB35F94236F9245007B7844 = {
						CreatedOnToolsVersion = 11.2;
					};
				};
			};
			buildConfigurationList = AFB35F90236F9245007B7844 /* Build configuration list for PBXProject "MusicWiz" */;
			compatibilityVersion = "Xcode 9.3";
			developmentRegion = en;
			hasScannedForEncodings = 0;
			knownRegions = (
				en,
				Base,
			);
			mainGroup = AFB35F8C236F9245007B7844;
			productRefGroup = AFB35F96236F9245007B7844 /* Products */;
			projectDirPath = "";
			projectRoot = "";
			targets = (
				AFB35F94236F9245007B7844 /* MusicWiz */,
			);
		};
/* End PBXProject section */

/* Begin PBXResourcesBuildPhase section */
		AFB35F93236F9245007B7844 /* Resources */ = {
			isa = PBXResourcesBuildPhase;
			buildActionMask = 2147483647;
			files = (
				AFB35FA5236F924B007B7844 /* LaunchScreen.storyboard in Resources */,
				AFB35FA2236F924B007B7844 /* Assets.xcassets in Resources */,
				AFB35FA0236F9245007B7844 /* Main.storyboard in Resources */,
			);
			runOnlyForDeploymentPostprocessing = 0;
		};
/* End PBXResourcesBuildPhase section */

/* Begin PBXSourcesBuildPhase section */
		AFB35F91236F9245007B7844 /* Sources */ = {
			isa = PBXSourcesBuildPhase;
			buildActionMask = 2147483647;
			files = (
				AFB35F9D236F9245007B7844 /* GamePlayViewController.swift in Sources */,
				AFB35F99236F9245007B7844 /* AppDelegate.swift in Sources */,
				AF4A85692373B4FC00AB0497 /* SongTableViewController.swift in Sources */,
				AFB35F9B236F9245007B7844 /* SceneDelegate.swift in Sources */,
			);
			runOnlyForDeploymentPostprocessing = 0;
		};
/* End PBXSourcesBuildPhase section */

/* Begin PBXVariantGroup section */
		AFB35F9E236F9245007B7844 /* Main.storyboard */ = {
			isa = PBXVariantGroup;
			children = (
				AFB35F9F236F9245007B7844 /* Base */,
			);
			name = Main.storyboard;
			sourceTree = "<group>";
		};
		AFB35FA3236F924B007B7844 /* LaunchScreen.storyboard */ = {
			isa = PBXVariantGroup;
			children = (
				AFB35FA4236F924B007B7844 /* Base */,
			);
			name = LaunchScreen.storyboard;
			sourceTree = "<group>";
		};
/* End PBXVariantGroup section */

/* Begin XCBuildConfiguration section */
		AFB35FA7236F924B007B7844 /* Debug */ = {
			isa = XCBuildConfiguration;
			buildSettings = {
				ALWAYS_SEARCH_USER_PATHS = NO;
				CLANG_ANALYZER_NONNULL = YES;
				CLANG_ANALYZER_NUMBER_OBJECT_CONVERSION = YES_AGGRESSIVE;
				CLANG_CXX_LANGUAGE_STANDARD = "gnu++14";
				CLANG_CXX_LIBRARY = "libc++";
				CLANG_ENABLE_MODULES = YES;
				CLANG_ENABLE_OBJC_ARC = YES;
				CLANG_ENABLE_OBJC_WEAK = YES;
				CLANG_WARN_BLOCK_CAPTURE_AUTORELEASING = YES;
				CLANG_WARN_BOOL_CONVERSION = YES;
				CLANG_WARN_COMMA = YES;
				CLANG_WARN_CONSTANT_CONVERSION = YES;
				CLANG_WARN_DEPRECATED_OBJC_IMPLEMENTATIONS = YES;
				CLANG_WARN_DIRECT_OBJC_ISA_USAGE = YES_ERROR;
				CLANG_WARN_DOCUMENTATION_COMMENTS = YES;
				CLANG_WARN_EMPTY_BODY = YES;
				CLANG_WARN_ENUM_CONVERSION = YES;
				CLANG_WARN_INFINITE_RECURSION = YES;
				CLANG_WARN_INT_CONVERSION = YES;
				CLANG_WARN_NON_LITERAL_NULL_CONVERSION = YES;
				CLANG_WARN_OBJC_IMPLICIT_RETAIN_SELF = YES;
				CLANG_WARN_OBJC_LITERAL_CONVERSION = YES;
				CLANG_WARN_OBJC_ROOT_CLASS = YES_ERROR;
				CLANG_WARN_RANGE_LOOP_ANALYSIS = YES;
				CLANG_WARN_STRICT_PROTOTYPES = YES;
				CLANG_WARN_SUSPICIOUS_MOVE = YES;
				CLANG_WARN_UNGUARDED_AVAILABILITY = YES_AGGRESSIVE;
				CLANG_WARN_UNREACHABLE_CODE = YES;
				CLANG_WARN__DUPLICATE_METHOD_MATCH = YES;
				COPY_PHASE_STRIP = NO;
				DEBUG_INFORMATION_FORMAT = dwarf;
				ENABLE_STRICT_OBJC_MSGSEND = YES;
				ENABLE_TESTABILITY = YES;
				GCC_C_LANGUAGE_STANDARD = gnu11;
				GCC_DYNAMIC_NO_PIC = NO;
				GCC_NO_COMMON_BLOCKS = YES;
				GCC_OPTIMIZATION_LEVEL = 0;
				GCC_PREPROCESSOR_DEFINITIONS = (
					"DEBUG=1",
					"$(inherited)",
				);
				GCC_WARN_64_TO_32_BIT_CONVERSION = YES;
				GCC_WARN_ABOUT_RETURN_TYPE = YES_ERROR;
				GCC_WARN_UNDECLARED_SELECTOR = YES;
				GCC_WARN_UNINITIALIZED_AUTOS = YES_AGGRESSIVE;
				GCC_WARN_UNUSED_FUNCTION = YES;
				GCC_WARN_UNUSED_VARIABLE = YES;
				IPHONEOS_DEPLOYMENT_TARGET = 13.2;
				MTL_ENABLE_DEBUG_INFO = INCLUDE_SOURCE;
				MTL_FAST_MATH = YES;
				ONLY_ACTIVE_ARCH = YES;
				SDKROOT = iphoneos;
				SWIFT_ACTIVE_COMPILATION_CONDITIONS = DEBUG;
				SWIFT_OPTIMIZATION_LEVEL = "-Onone";
			};
			name = Debug;
		};
		AFB35FA8236F924B007B7844 /* Release */ = {
			isa = XCBuildConfiguration;
			buildSettings = {
				ALWAYS_SEARCH_USER_PATHS = NO;
				CLANG_ANALYZER_NONNULL = YES;
				CLANG_ANALYZER_NUMBER_OBJECT_CONVERSION = YES_AGGRESSIVE;
				CLANG_CXX_LANGUAGE_STANDARD = "gnu++14";
				CLANG_CXX_LIBRARY = "libc++";
				CLANG_ENABLE_MODULES = YES;
				CLANG_ENABLE_OBJC_ARC = YES;
				CLANG_ENABLE_OBJC_WEAK = YES;
				CLANG_WARN_BLOCK_CAPTURE_AUTORELEASING = YES;
				CLANG_WARN_BOOL_CONVERSION = YES;
				CLANG_WARN_COMMA = YES;
				CLANG_WARN_CONSTANT_CONVERSION = YES;
				CLANG_WARN_DEPRECATED_OBJC_IMPLEMENTATIONS = YES;
				CLANG_WARN_DIRECT_OBJC_ISA_USAGE = YES_ERROR;
				CLANG_WARN_DOCUMENTATION_COMMENTS = YES;
				CLANG_WARN_EMPTY_BODY = YES;
				CLANG_WARN_ENUM_CONVERSION = YES;
				CLANG_WARN_INFINITE_RECURSION = YES;
				CLANG_WARN_INT_CONVERSION = YES;
				CLANG_WARN_NON_LITERAL_NULL_CONVERSION = YES;
				CLANG_WARN_OBJC_IMPLICIT_RETAIN_SELF = YES;
				CLANG_WARN_OBJC_LITERAL_CONVERSION = YES;
				CLANG_WARN_OBJC_ROOT_CLASS = YES_ERROR;
				CLANG_WARN_RANGE_LOOP_ANALYSIS = YES;
				CLANG_WARN_STRICT_PROTOTYPES = YES;
				CLANG_WARN_SUSPICIOUS_MOVE = YES;
				CLANG_WARN_UNGUARDED_AVAILABILITY = YES_AGGRESSIVE;
				CLANG_WARN_UNREACHABLE_CODE = YES;
				CLANG_WARN__DUPLICATE_METHOD_MATCH = YES;
				COPY_PHASE_STRIP = NO;
				DEBUG_INFORMATION_FORMAT = "dwarf-with-dsym";
				ENABLE_NS_ASSERTIONS = NO;
				ENABLE_STRICT_OBJC_MSGSEND = YES;
				GCC_C_LANGUAGE_STANDARD = gnu11;
				GCC_NO_COMMON_BLOCKS = YES;
				GCC_WARN_64_TO_32_BIT_CONVERSION = YES;
				GCC_WARN_ABOUT_RETURN_TYPE = YES_ERROR;
				GCC_WARN_UNDECLARED_SELECTOR = YES;
				GCC_WARN_UNINITIALIZED_AUTOS = YES_AGGRESSIVE;
				GCC_WARN_UNUSED_FUNCTION = YES;
				GCC_WARN_UNUSED_VARIABLE = YES;
				IPHONEOS_DEPLOYMENT_TARGET = 13.2;
				MTL_ENABLE_DEBUG_INFO = NO;
				MTL_FAST_MATH = YES;
				SDKROOT = iphoneos;
				SWIFT_COMPILATION_MODE = wholemodule;
				SWIFT_OPTIMIZATION_LEVEL = "-O";
				VALIDATE_PRODUCT = YES;
			};
			name = Release;
		};
		AFB35FAA236F924B007B7844 /* Debug */ = {
			isa = XCBuildConfiguration;
			buildSettings = {
				ASSETCATALOG_COMPILER_APPICON_NAME = AppIcon;
				CODE_SIGN_STYLE = Automatic;
				DEVELOPMENT_TEAM = S2TWVRST3V;
				INFOPLIST_FILE = MusicWiz/Info.plist;
				LD_RUNPATH_SEARCH_PATHS = (
					"$(inherited)",
					"@executable_path/Frameworks",
				);
				PRODUCT_BUNDLE_IDENTIFIER = com.codefellows.musicwiz1;
				PRODUCT_NAME = MusicWiz;
				SWIFT_VERSION = 5.0;
				TARGETED_DEVICE_FAMILY = 1;
			};
			name = Debug;
		};
		AFB35FAB236F924B007B7844 /* Release */ = {
			isa = XCBuildConfiguration;
			buildSettings = {
				ASSETCATALOG_COMPILER_APPICON_NAME = AppIcon;
				CODE_SIGN_STYLE = Automatic;
				DEVELOPMENT_TEAM = S2TWVRST3V;
				INFOPLIST_FILE = MusicWiz/Info.plist;
				LD_RUNPATH_SEARCH_PATHS = (
					"$(inherited)",
					"@executable_path/Frameworks",
				);
				PRODUCT_BUNDLE_IDENTIFIER = com.codefellows.musicwiz1;
				PRODUCT_NAME = MusicWiz;
				SWIFT_VERSION = 5.0;
				TARGETED_DEVICE_FAMILY = 1;
			};
			name = Release;
		};
/* End XCBuildConfiguration section */

/* Begin XCConfigurationList section */
		AFB35F90236F9245007B7844 /* Build configuration list for PBXProject "MusicWiz" */ = {
			isa = XCConfigurationList;
			buildConfigurations = (
				AFB35FA7236F924B007B7844 /* Debug */,
				AFB35FA8236F924B007B7844 /* Release */,
			);
			defaultConfigurationIsVisible = 0;
			defaultConfigurationName = Release;
		};
		AFB35FA9236F924B007B7844 /* Build configuration list for PBXNativeTarget "MusicWiz" */ = {
			isa = XCConfigurationList;
			buildConfigurations = (
				AFB35FAA236F924B007B7844 /* Debug */,
				AFB35FAB236F924B007B7844 /* Release */,
			);
			defaultConfigurationIsVisible = 0;
			defaultConfigurationName = Release;
		};
/* End XCConfigurationList section */
	};
	rootObject = AFB35F8D236F9245007B7844 /* Project object */;
}
